
Microsoft Visual Studio Solution File, Format Version 12.00
# Visual Studio Version 16
VisualStudioVersion = 16.0.30907.101
MinimumVisualStudioVersion = 10.0.40219.1
Project("{9A19103F-16F7-4668-BE54-9A1E7A4F7556}") = "BattleshipService.Domain", "BattleshipService.Domain\BattleshipService.Domain.csproj", "{E3E48363-377E-4C71-BB24-C506EE7AF6DC}"
EndProject
Project("{9A19103F-16F7-4668-BE54-9A1E7A4F7556}") = "BattleshipService.Application", "BattleshipService.Application\BattleshipService.Application.csproj", "{197EF587-D6ED-41D3-B19F-B4268ED89931}"
EndProject
Project("{9A19103F-16F7-4668-BE54-9A1E7A4F7556}") = "BattleshipService", "BattleshipService\BattleshipService.csproj", "{225DB064-0154-4270-BF4A-67CD26C34D2D}"
EndProject
Project("{FAE04EC0-301F-11D3-BF4B-00C04F79EFBC}") = "Battleship.Infrastructure", "Battleship.Infrastructure\Battleship.Infrastructure.csproj", "{7284C0DF-8338-49C6-8D4E-C4D33C4EFDFD}"
EndProject
Global
	GlobalSection(SolutionConfigurationPlatforms) = preSolution
		Debug|Any CPU = Debug|Any CPU
		Release|Any CPU = Release|Any CPU
	EndGlobalSection
	GlobalSection(ProjectConfigurationPlatforms) = postSolution
		{E3E48363-377E-4C71-BB24-C506EE7AF6DC}.Debug|Any CPU.ActiveCfg = Debug|Any CPU
		{E3E48363-377E-4C71-BB24-C506EE7AF6DC}.Debug|Any CPU.Build.0 = Debug|Any CPU
		{E3E48363-377E-4C71-BB24-C506EE7AF6DC}.Release|Any CPU.ActiveCfg = Release|Any CPU
		{E3E48363-377E-4C71-BB24-C506EE7AF6DC}.Release|Any CPU.Build.0 = Release|Any CPU
		{197EF587-D6ED-41D3-B19F-B4268ED89931}.Debug|Any CPU.ActiveCfg = Debug|Any CPU
		{197EF587-D6ED-41D3-B19F-B4268ED89931}.Debug|Any CPU.Build.0 = Debug|Any CPU
		{197EF587-D6ED-41D3-B19F-B4268ED89931}.Release|Any CPU.ActiveCfg = Release|Any CPU
		{197EF587-D6ED-41D3-B19F-B4268ED89931}.Release|Any CPU.Build.0 = Release|Any CPU
		{225DB064-0154-4270-BF4A-67CD26C34D2D}.Debug|Any CPU.ActiveCfg = Debug|Any CPU
		{225DB064-0154-4270-BF4A-67CD26C34D2D}.Debug|Any CPU.Build.0 = Debug|Any CPU
		{225DB064-0154-4270-BF4A-67CD26C34D2D}.Release|Any CPU.ActiveCfg = Release|Any CPU
		{225DB064-0154-4270-BF4A-67CD26C34D2D}.Release|Any CPU.Build.0 = Release|Any CPU
		{7284C0DF-8338-49C6-8D4E-C4D33C4EFDFD}.Debug|Any CPU.ActiveCfg = Debug|Any CPU
		{7284C0DF-8338-49C6-8D4E-C4D33C4EFDFD}.Debug|Any CPU.Build.0 = Debug|Any CPU
		{7284C0DF-8338-49C6-8D4E-C4D33C4EFDFD}.Release|Any CPU.ActiveCfg = Release|Any CPU
		{7284C0DF-8338-49C6-8D4E-C4D33C4EFDFD}.Release|Any CPU.Build.0 = Release|Any CPU
	EndGlobalSection
	GlobalSection(SolutionProperties) = preSolution
		HideSolutionNode = FALSE
	EndGlobalSection
	GlobalSection(ExtensibilityGlobals) = postSolution
		SolutionGuid = {AC717DAD-D08D-4FAC-B45F-4AFEDC5A7106}
	EndGlobalSection
EndGlobal
